
Microsoft Visual Studio Solution File, Format Version 12.00
# Visual Studio 15
VisualStudioVersion = 15.0.26228.4
MinimumVisualStudioVersion = 10.0.40219.1
Project("{FAE04EC0-301F-11D3-BF4B-00C04F79EFBC}") = "is.gd", "is.gd.csproj", "{36C9C9A0-49CA-44CC-83BB-777BB991C1B2}"
EndProject
Project("{FAE04EC0-301F-11D3-BF4B-00C04F79EFBC}") = "TestConsole", "..\TestConsole\TestConsole.csproj", "{75AC47C7-6AF3-4868-933B-CAC8EFB5251D}"
EndProject
Global
	GlobalSection(SolutionConfigurationPlatforms) = preSolution
		Debug|Any CPU = Debug|Any CPU
		Release|Any CPU = Release|Any CPU
	EndGlobalSection
	GlobalSection(ProjectConfigurationPlatforms) = postSolution
		{36C9C9A0-49CA-44CC-83BB-777BB991C1B2}.Debug|Any CPU.ActiveCfg = Debug|Any CPU
		{36C9C9A0-49CA-44CC-83BB-777BB991C1B2}.Debug|Any CPU.Build.0 = Debug|Any CPU
		{36C9C9A0-49CA-44CC-83BB-777BB991C1B2}.Release|Any CPU.ActiveCfg = Release|Any CPU
		{36C9C9A0-49CA-44CC-83BB-777BB991C1B2}.Release|Any CPU.Build.0 = Release|Any CPU
		{75AC47C7-6AF3-4868-933B-CAC8EFB5251D}.Debug|Any CPU.ActiveCfg = Debug|Any CPU
		{75AC47C7-6AF3-4868-933B-CAC8EFB5251D}.Debug|Any CPU.Build.0 = Debug|Any CPU
		{75AC47C7-6AF3-4868-933B-CAC8EFB5251D}.Release|Any CPU.ActiveCfg = Release|Any CPU
		{75AC47C7-6AF3-4868-933B-CAC8EFB5251D}.Release|Any CPU.Build.0 = Release|Any CPU
	EndGlobalSection
	GlobalSection(SolutionProperties) = preSolution
		HideSolutionNode = FALSE
	EndGlobalSection
EndGlobal
